
Microsoft Visual Studio Solution File, Format Version 12.00
# Visual Studio Version 17
VisualStudioVersion = 17.14.36408.4
MinimumVisualStudioVersion = 10.0.40219.1
Project("{FAE04EC0-301F-11D3-BF4B-00C04F79EFBC}") = "SingleList", "SingleList\SingleList.csproj", "{12511043-98CC-430A-B07E-E562A4CB89C9}"
EndProject
Project("{FAE04EC0-301F-11D3-BF4B-00C04F79EFBC}") = "SngleList.UI.Console", "SngleList.UI.Console\SngleList.UI.Console.csproj", "{E2C7D4DC-5522-4BF4-834B-E11AE21F9C86}"
EndProject
Project("{FAE04EC0-301F-11D3-BF4B-00C04F79EFBC}") = "DoubleList", "DoubleList\DoubleList.csproj", "{65AD20DA-F639-4338-8C51-3414EB5F00D3}"
EndProject
Project("{FAE04EC0-301F-11D3-BF4B-00C04F79EFBC}") = "DoubleList.UI.Console", "DoubleList.UI.Console\DoubleList.UI.Console.csproj", "{8C8AD571-716F-422D-A1AB-0A55B8CACE43}"
EndProject
Global
	GlobalSection(SolutionConfigurationPlatforms) = preSolution
		Debug|Any CPU = Debug|Any CPU
		Release|Any CPU = Release|Any CPU
	EndGlobalSection
	GlobalSection(ProjectConfigurationPlatforms) = postSolution
		{12511043-98CC-430A-B07E-E562A4CB89C9}.Debug|Any CPU.ActiveCfg = Debug|Any CPU
		{12511043-98CC-430A-B07E-E562A4CB89C9}.Debug|Any CPU.Build.0 = Debug|Any CPU
		{12511043-98CC-430A-B07E-E562A4CB89C9}.Release|Any CPU.ActiveCfg = Release|Any CPU
		{12511043-98CC-430A-B07E-E562A4CB89C9}.Release|Any CPU.Build.0 = Release|Any CPU
		{E2C7D4DC-5522-4BF4-834B-E11AE21F9C86}.Debug|Any CPU.ActiveCfg = Debug|Any CPU
		{E2C7D4DC-5522-4BF4-834B-E11AE21F9C86}.Debug|Any CPU.Build.0 = Debug|Any CPU
		{E2C7D4DC-5522-4BF4-834B-E11AE21F9C86}.Release|Any CPU.ActiveCfg = Release|Any CPU
		{E2C7D4DC-5522-4BF4-834B-E11AE21F9C86}.Release|Any CPU.Build.0 = Release|Any CPU
		{65AD20DA-F639-4338-8C51-3414EB5F00D3}.Debug|Any CPU.ActiveCfg = Debug|Any CPU
		{65AD20DA-F639-4338-8C51-3414EB5F00D3}.Debug|Any CPU.Build.0 = Debug|Any CPU
		{65AD20DA-F639-4338-8C51-3414EB5F00D3}.Release|Any CPU.ActiveCfg = Release|Any CPU
		{65AD20DA-F639-4338-8C51-3414EB5F00D3}.Release|Any CPU.Build.0 = Release|Any CPU
		{8C8AD571-716F-422D-A1AB-0A55B8CACE43}.Debug|Any CPU.ActiveCfg = Debug|Any CPU
		{8C8AD571-716F-422D-A1AB-0A55B8CACE43}.Debug|Any CPU.Build.0 = Debug|Any CPU
		{8C8AD571-716F-422D-A1AB-0A55B8CACE43}.Release|Any CPU.ActiveCfg = Release|Any CPU
		{8C8AD571-716F-422D-A1AB-0A55B8CACE43}.Release|Any CPU.Build.0 = Release|Any CPU
	EndGlobalSection
	GlobalSection(SolutionProperties) = preSolution
		HideSolutionNode = FALSE
	EndGlobalSection
	GlobalSection(ExtensibilityGlobals) = postSolution
		SolutionGuid = {559C081C-4520-4ABB-88A3-2F44C19613FE}
	EndGlobalSection
EndGlobal
